
Microsoft Visual Studio Solution File, Format Version 12.00
# Visual Studio 15
VisualStudioVersion = 15.0.28010.2026
MinimumVisualStudioVersion = 10.0.40219.1
Project("{FAE04EC0-301F-11D3-BF4B-00C04F79EFBC}") = "Types_and_Operations", "Types_and_Operations\Types_and_Operations.csproj", "{85928652-9682-4011-BD4F-37F4B3945F67}"
EndProject
Project("{FAE04EC0-301F-11D3-BF4B-00C04F79EFBC}") = "determining_Weight_Class", "determining_Weight_Class\determining_Weight_Class.csproj", "{9983AACA-D886-4DDD-9ABA-12519CFFB408}"
EndProject
Project("{FAE04EC0-301F-11D3-BF4B-00C04F79EFBC}") = "SimpleConsoleCalculator", "SimpleConsoleCalculator\SimpleConsoleCalculator.csproj", "{AA568C5B-6AC3-47A0-BB94-AD2274597838}"
EndProject
Project("{FAE04EC0-301F-11D3-BF4B-00C04F79EFBC}") = "homework_5_1_the_day_of_a_week", "homework_5_1_the_day_of_a_week\homework_5_1_the_day_of_a_week.csproj", "{6BD45C7D-8A28-4AAA-8641-05B97BCEB67C}"
EndProject
Project("{FAE04EC0-301F-11D3-BF4B-00C04F79EFBC}") = "homework_5_2_read_lower_write_uppercase", "homework_5_2_read_lower_write_uppercase\homework_5_2_read_lower_write_uppercase.csproj", "{80E7586B-DB98-4D47-920D-F79CA7DBE5D3}"
EndProject
Global
	GlobalSection(SolutionConfigurationPlatforms) = preSolution
		Debug|Any CPU = Debug|Any CPU
		Release|Any CPU = Release|Any CPU
	EndGlobalSection
	GlobalSection(ProjectConfigurationPlatforms) = postSolution
		{85928652-9682-4011-BD4F-37F4B3945F67}.Debug|Any CPU.ActiveCfg = Debug|Any CPU
		{85928652-9682-4011-BD4F-37F4B3945F67}.Debug|Any CPU.Build.0 = Debug|Any CPU
		{85928652-9682-4011-BD4F-37F4B3945F67}.Release|Any CPU.ActiveCfg = Release|Any CPU
		{85928652-9682-4011-BD4F-37F4B3945F67}.Release|Any CPU.Build.0 = Release|Any CPU
		{9983AACA-D886-4DDD-9ABA-12519CFFB408}.Debug|Any CPU.ActiveCfg = Debug|Any CPU
		{9983AACA-D886-4DDD-9ABA-12519CFFB408}.Debug|Any CPU.Build.0 = Debug|Any CPU
		{9983AACA-D886-4DDD-9ABA-12519CFFB408}.Release|Any CPU.ActiveCfg = Release|Any CPU
		{9983AACA-D886-4DDD-9ABA-12519CFFB408}.Release|Any CPU.Build.0 = Release|Any CPU
		{AA568C5B-6AC3-47A0-BB94-AD2274597838}.Debug|Any CPU.ActiveCfg = Debug|Any CPU
		{AA568C5B-6AC3-47A0-BB94-AD2274597838}.Debug|Any CPU.Build.0 = Debug|Any CPU
		{AA568C5B-6AC3-47A0-BB94-AD2274597838}.Release|Any CPU.ActiveCfg = Release|Any CPU
		{AA568C5B-6AC3-47A0-BB94-AD2274597838}.Release|Any CPU.Build.0 = Release|Any CPU
		{6BD45C7D-8A28-4AAA-8641-05B97BCEB67C}.Debug|Any CPU.ActiveCfg = Debug|Any CPU
		{6BD45C7D-8A28-4AAA-8641-05B97BCEB67C}.Debug|Any CPU.Build.0 = Debug|Any CPU
		{6BD45C7D-8A28-4AAA-8641-05B97BCEB67C}.Release|Any CPU.ActiveCfg = Release|Any CPU
		{6BD45C7D-8A28-4AAA-8641-05B97BCEB67C}.Release|Any CPU.Build.0 = Release|Any CPU
		{80E7586B-DB98-4D47-920D-F79CA7DBE5D3}.Debug|Any CPU.ActiveCfg = Debug|Any CPU
		{80E7586B-DB98-4D47-920D-F79CA7DBE5D3}.Debug|Any CPU.Build.0 = Debug|Any CPU
		{80E7586B-DB98-4D47-920D-F79CA7DBE5D3}.Release|Any CPU.ActiveCfg = Release|Any CPU
		{80E7586B-DB98-4D47-920D-F79CA7DBE5D3}.Release|Any CPU.Build.0 = Release|Any CPU
	EndGlobalSection
	GlobalSection(SolutionProperties) = preSolution
		HideSolutionNode = FALSE
	EndGlobalSection
	GlobalSection(ExtensibilityGlobals) = postSolution
		SolutionGuid = {D35A63D8-4302-4846-8309-F622B1FA600F}
	EndGlobalSection
EndGlobal
