
Microsoft Visual Studio Solution File, Format Version 12.00
# Visual Studio 15
VisualStudioVersion = 15.0.28010.2041
MinimumVisualStudioVersion = 10.0.40219.1
Project("{FAE04EC0-301F-11D3-BF4B-00C04F79EFBC}") = "Homework_01_Task_01_Class_Human", "Homework_01_Task_01_Class_Human\Homework_01_Task_01_Class_Human.csproj", "{F180246D-6BA2-4586-9AD4-69FF803BEDB6}"
EndProject
Project("{FAE04EC0-301F-11D3-BF4B-00C04F79EFBC}") = "Homework_02_Planets", "Homework_02_Planets\Homework_02_Planets.csproj", "{34C65854-35D9-480B-B2A5-00C59FAFEC16}"
EndProject
Project("{FAE04EC0-301F-11D3-BF4B-00C04F79EFBC}") = "Homework_09_Interfaces", "Homework_09_Interfaces\Homework_09_Interfaces.csproj", "{0961C8F4-F6A3-4906-9E82-5A1DE8D0020C}"
EndProject
Project("{FAE04EC0-301F-11D3-BF4B-00C04F79EFBC}") = "Homework_13_Generics", "Homework_13_Generics\Homework_13_Generics.csproj", "{202C7E96-CDFD-4AEF-B892-19D1AF0C0AF4}"
EndProject
Global
	GlobalSection(SolutionConfigurationPlatforms) = preSolution
		Debug|Any CPU = Debug|Any CPU
		Release|Any CPU = Release|Any CPU
	EndGlobalSection
	GlobalSection(ProjectConfigurationPlatforms) = postSolution
		{F180246D-6BA2-4586-9AD4-69FF803BEDB6}.Debug|Any CPU.ActiveCfg = Debug|Any CPU
		{F180246D-6BA2-4586-9AD4-69FF803BEDB6}.Debug|Any CPU.Build.0 = Debug|Any CPU
		{F180246D-6BA2-4586-9AD4-69FF803BEDB6}.Release|Any CPU.ActiveCfg = Release|Any CPU
		{F180246D-6BA2-4586-9AD4-69FF803BEDB6}.Release|Any CPU.Build.0 = Release|Any CPU
		{34C65854-35D9-480B-B2A5-00C59FAFEC16}.Debug|Any CPU.ActiveCfg = Debug|Any CPU
		{34C65854-35D9-480B-B2A5-00C59FAFEC16}.Debug|Any CPU.Build.0 = Debug|Any CPU
		{34C65854-35D9-480B-B2A5-00C59FAFEC16}.Release|Any CPU.ActiveCfg = Release|Any CPU
		{34C65854-35D9-480B-B2A5-00C59FAFEC16}.Release|Any CPU.Build.0 = Release|Any CPU
		{0961C8F4-F6A3-4906-9E82-5A1DE8D0020C}.Debug|Any CPU.ActiveCfg = Debug|Any CPU
		{0961C8F4-F6A3-4906-9E82-5A1DE8D0020C}.Debug|Any CPU.Build.0 = Debug|Any CPU
		{0961C8F4-F6A3-4906-9E82-5A1DE8D0020C}.Release|Any CPU.ActiveCfg = Release|Any CPU
		{0961C8F4-F6A3-4906-9E82-5A1DE8D0020C}.Release|Any CPU.Build.0 = Release|Any CPU
		{202C7E96-CDFD-4AEF-B892-19D1AF0C0AF4}.Debug|Any CPU.ActiveCfg = Debug|Any CPU
		{202C7E96-CDFD-4AEF-B892-19D1AF0C0AF4}.Debug|Any CPU.Build.0 = Debug|Any CPU
		{202C7E96-CDFD-4AEF-B892-19D1AF0C0AF4}.Release|Any CPU.ActiveCfg = Release|Any CPU
		{202C7E96-CDFD-4AEF-B892-19D1AF0C0AF4}.Release|Any CPU.Build.0 = Release|Any CPU
	EndGlobalSection
	GlobalSection(SolutionProperties) = preSolution
		HideSolutionNode = FALSE
	EndGlobalSection
	GlobalSection(ExtensibilityGlobals) = postSolution
		SolutionGuid = {5B8F1FA1-A53F-4D62-BE67-BFE419249F8F}
	EndGlobalSection
EndGlobal
