
Microsoft Visual Studio Solution File, Format Version 12.00
# Visual Studio 15
VisualStudioVersion = 15.0.28010.2041
MinimumVisualStudioVersion = 10.0.40219.1
Project("{FAE04EC0-301F-11D3-BF4B-00C04F79EFBC}") = "Homework_01_Task_01_Class_Human", "Homework_01_Task_01_Class_Human\Homework_01_Task_01_Class_Human.csproj", "{F180246D-6BA2-4586-9AD4-69FF803BEDB6}"
EndProject
Global
	GlobalSection(SolutionConfigurationPlatforms) = preSolution
		Debug|Any CPU = Debug|Any CPU
		Release|Any CPU = Release|Any CPU
	EndGlobalSection
	GlobalSection(ProjectConfigurationPlatforms) = postSolution
		{F180246D-6BA2-4586-9AD4-69FF803BEDB6}.Debug|Any CPU.ActiveCfg = Debug|Any CPU
		{F180246D-6BA2-4586-9AD4-69FF803BEDB6}.Debug|Any CPU.Build.0 = Debug|Any CPU
		{F180246D-6BA2-4586-9AD4-69FF803BEDB6}.Release|Any CPU.ActiveCfg = Release|Any CPU
		{F180246D-6BA2-4586-9AD4-69FF803BEDB6}.Release|Any CPU.Build.0 = Release|Any CPU
	EndGlobalSection
	GlobalSection(SolutionProperties) = preSolution
		HideSolutionNode = FALSE
	EndGlobalSection
	GlobalSection(ExtensibilityGlobals) = postSolution
		SolutionGuid = {5B8F1FA1-A53F-4D62-BE67-BFE419249F8F}
	EndGlobalSection
EndGlobal
