
Microsoft Visual Studio Solution File, Format Version 12.00
# Visual Studio 15
VisualStudioVersion = 15.0.28010.2041
MinimumVisualStudioVersion = 10.0.40219.1
Project("{FAE04EC0-301F-11D3-BF4B-00C04F79EFBC}") = "Homework_12_Task_32_A_Sequence_Of_exp_Number", "Homework_12_Task_32_A_Sequence_Of_exp_Number\Homework_12_Task_32_A_Sequence_Of_exp_Number.csproj", "{3E745992-5A73-45A3-A2FE-EBFCBC2FF0D4}"
EndProject
Project("{FAE04EC0-301F-11D3-BF4B-00C04F79EFBC}") = "Homework_12_Task_33_Calc_The_Sum_Of_A_Sequence", "Homework_12_Task_33_Calc_The_Sum_Of_A_Sequence\Homework_12_Task_33_Calc_The_Sum_Of_A_Sequence.csproj", "{BD195210-7E02-4819-99A7-D547BC998ED7}"
EndProject
Project("{FAE04EC0-301F-11D3-BF4B-00C04F79EFBC}") = "Homework_12_Task_34_Sin_X_Approximation", "Homework_12_Task_34_Sin_X_Approximation\Homework_12_Task_34_Sin_X_Approximation.csproj", "{5B8E2ABF-76BF-4D66-8190-9377E851822B}"
EndProject
Project("{FAE04EC0-301F-11D3-BF4B-00C04F79EFBC}") = "Homework_12_Task_35_Cos_X_Approximation", "Homework_12_Task_35_Cos_X_Approximation\Homework_12_Task_35_Cos_X_Approximation.csproj", "{DF3220C8-4104-45CA-BAEF-ABE371D333B9}"
EndProject
Project("{FAE04EC0-301F-11D3-BF4B-00C04F79EFBC}") = "Homework_12_Task_36_Ln_One_Plus_X_approximation", "Homework_12_Task_36_One_Plus_X_approximation\Homework_12_Task_36_Ln_One_Plus_X_approximation.csproj", "{FD93019D-DFFD-4483-8296-665ECB03EB86}"
EndProject
Global
	GlobalSection(SolutionConfigurationPlatforms) = preSolution
		Debug|Any CPU = Debug|Any CPU
		Release|Any CPU = Release|Any CPU
	EndGlobalSection
	GlobalSection(ProjectConfigurationPlatforms) = postSolution
		{3E745992-5A73-45A3-A2FE-EBFCBC2FF0D4}.Debug|Any CPU.ActiveCfg = Debug|Any CPU
		{3E745992-5A73-45A3-A2FE-EBFCBC2FF0D4}.Debug|Any CPU.Build.0 = Debug|Any CPU
		{3E745992-5A73-45A3-A2FE-EBFCBC2FF0D4}.Release|Any CPU.ActiveCfg = Release|Any CPU
		{3E745992-5A73-45A3-A2FE-EBFCBC2FF0D4}.Release|Any CPU.Build.0 = Release|Any CPU
		{BD195210-7E02-4819-99A7-D547BC998ED7}.Debug|Any CPU.ActiveCfg = Debug|Any CPU
		{BD195210-7E02-4819-99A7-D547BC998ED7}.Debug|Any CPU.Build.0 = Debug|Any CPU
		{BD195210-7E02-4819-99A7-D547BC998ED7}.Release|Any CPU.ActiveCfg = Release|Any CPU
		{BD195210-7E02-4819-99A7-D547BC998ED7}.Release|Any CPU.Build.0 = Release|Any CPU
		{5B8E2ABF-76BF-4D66-8190-9377E851822B}.Debug|Any CPU.ActiveCfg = Debug|Any CPU
		{5B8E2ABF-76BF-4D66-8190-9377E851822B}.Debug|Any CPU.Build.0 = Debug|Any CPU
		{5B8E2ABF-76BF-4D66-8190-9377E851822B}.Release|Any CPU.ActiveCfg = Release|Any CPU
		{5B8E2ABF-76BF-4D66-8190-9377E851822B}.Release|Any CPU.Build.0 = Release|Any CPU
		{DF3220C8-4104-45CA-BAEF-ABE371D333B9}.Debug|Any CPU.ActiveCfg = Debug|Any CPU
		{DF3220C8-4104-45CA-BAEF-ABE371D333B9}.Debug|Any CPU.Build.0 = Debug|Any CPU
		{DF3220C8-4104-45CA-BAEF-ABE371D333B9}.Release|Any CPU.ActiveCfg = Release|Any CPU
		{DF3220C8-4104-45CA-BAEF-ABE371D333B9}.Release|Any CPU.Build.0 = Release|Any CPU
		{FD93019D-DFFD-4483-8296-665ECB03EB86}.Debug|Any CPU.ActiveCfg = Debug|Any CPU
		{FD93019D-DFFD-4483-8296-665ECB03EB86}.Debug|Any CPU.Build.0 = Debug|Any CPU
		{FD93019D-DFFD-4483-8296-665ECB03EB86}.Release|Any CPU.ActiveCfg = Release|Any CPU
		{FD93019D-DFFD-4483-8296-665ECB03EB86}.Release|Any CPU.Build.0 = Release|Any CPU
	EndGlobalSection
	GlobalSection(SolutionProperties) = preSolution
		HideSolutionNode = FALSE
	EndGlobalSection
	GlobalSection(ExtensibilityGlobals) = postSolution
		SolutionGuid = {0ECDD279-1802-4AAD-9736-5A543076F009}
	EndGlobalSection
EndGlobal
