
Microsoft Visual Studio Solution File, Format Version 12.00
# Visual Studio 15
VisualStudioVersion = 15.0.28010.2041
MinimumVisualStudioVersion = 10.0.40219.1
Project("{FAE04EC0-301F-11D3-BF4B-00C04F79EFBC}") = "Homework_11_Task_27_Reverse_And_Add_Zeros_In_Between", "Homework_11_Task_27_Reverse_And_Add_Zeros_In_Between\Homework_11_Task_27_Reverse_And_Add_Zeros_In_Between.csproj", "{F4472CEF-7BEE-49E3-B2D9-6FEBB24909CD}"
EndProject
Global
	GlobalSection(SolutionConfigurationPlatforms) = preSolution
		Debug|Any CPU = Debug|Any CPU
		Release|Any CPU = Release|Any CPU
	EndGlobalSection
	GlobalSection(ProjectConfigurationPlatforms) = postSolution
		{F4472CEF-7BEE-49E3-B2D9-6FEBB24909CD}.Debug|Any CPU.ActiveCfg = Debug|Any CPU
		{F4472CEF-7BEE-49E3-B2D9-6FEBB24909CD}.Debug|Any CPU.Build.0 = Debug|Any CPU
		{F4472CEF-7BEE-49E3-B2D9-6FEBB24909CD}.Release|Any CPU.ActiveCfg = Release|Any CPU
		{F4472CEF-7BEE-49E3-B2D9-6FEBB24909CD}.Release|Any CPU.Build.0 = Release|Any CPU
	EndGlobalSection
	GlobalSection(SolutionProperties) = preSolution
		HideSolutionNode = FALSE
	EndGlobalSection
	GlobalSection(ExtensibilityGlobals) = postSolution
		SolutionGuid = {648E05D4-7586-4FBB-972E-B7D4D56191CE}
	EndGlobalSection
EndGlobal
